
Microsoft Visual Studio Solution File, Format Version 12.00
# Visual Studio Version 17
VisualStudioVersion = 17.10.34928.147
MinimumVisualStudioVersion = 10.0.40219.1
Project("{FAE04EC0-301F-11D3-BF4B-00C04F79EFBC}") = "ADO.NET", "ADO.NET\ADO.NET.csproj", "{2176D98B-9ACE-4631-880E-F444217C0FC3}"
EndProject
Project("{FAE04EC0-301F-11D3-BF4B-00C04F79EFBC}") = "ExternalBase", "ExternalBase\ExternalBase.csproj", "{32CEE6DB-F928-450F-84FE-728700B76DFD}"
EndProject
Project("{FAE04EC0-301F-11D3-BF4B-00C04F79EFBC}") = "Academy", "Academy\Academy.csproj", "{110178F6-2D8F-4E14-933E-1B17F2BE62F3}"
EndProject
Project("{FAE04EC0-301F-11D3-BF4B-00C04F79EFBC}") = "AcademyDataSet", "AcademyDataSet\AcademyDataSet.csproj", "{F90B39AF-F7EE-4B6F-A441-641B168E6BBD}"
EndProject
Global
	GlobalSection(SolutionConfigurationPlatforms) = preSolution
		Debug|Any CPU = Debug|Any CPU
		Release|Any CPU = Release|Any CPU
	EndGlobalSection
	GlobalSection(ProjectConfigurationPlatforms) = postSolution
		{2176D98B-9ACE-4631-880E-F444217C0FC3}.Debug|Any CPU.ActiveCfg = Debug|Any CPU
		{2176D98B-9ACE-4631-880E-F444217C0FC3}.Debug|Any CPU.Build.0 = Debug|Any CPU
		{2176D98B-9ACE-4631-880E-F444217C0FC3}.Release|Any CPU.ActiveCfg = Release|Any CPU
		{2176D98B-9ACE-4631-880E-F444217C0FC3}.Release|Any CPU.Build.0 = Release|Any CPU
		{32CEE6DB-F928-450F-84FE-728700B76DFD}.Debug|Any CPU.ActiveCfg = Debug|Any CPU
		{32CEE6DB-F928-450F-84FE-728700B76DFD}.Debug|Any CPU.Build.0 = Debug|Any CPU
		{32CEE6DB-F928-450F-84FE-728700B76DFD}.Release|Any CPU.ActiveCfg = Release|Any CPU
		{32CEE6DB-F928-450F-84FE-728700B76DFD}.Release|Any CPU.Build.0 = Release|Any CPU
		{110178F6-2D8F-4E14-933E-1B17F2BE62F3}.Debug|Any CPU.ActiveCfg = Debug|Any CPU
		{110178F6-2D8F-4E14-933E-1B17F2BE62F3}.Debug|Any CPU.Build.0 = Debug|Any CPU
		{110178F6-2D8F-4E14-933E-1B17F2BE62F3}.Release|Any CPU.ActiveCfg = Release|Any CPU
		{110178F6-2D8F-4E14-933E-1B17F2BE62F3}.Release|Any CPU.Build.0 = Release|Any CPU
		{F90B39AF-F7EE-4B6F-A441-641B168E6BBD}.Debug|Any CPU.ActiveCfg = Debug|Any CPU
		{F90B39AF-F7EE-4B6F-A441-641B168E6BBD}.Debug|Any CPU.Build.0 = Debug|Any CPU
		{F90B39AF-F7EE-4B6F-A441-641B168E6BBD}.Release|Any CPU.ActiveCfg = Release|Any CPU
		{F90B39AF-F7EE-4B6F-A441-641B168E6BBD}.Release|Any CPU.Build.0 = Release|Any CPU
	EndGlobalSection
	GlobalSection(SolutionProperties) = preSolution
		HideSolutionNode = FALSE
	EndGlobalSection
	GlobalSection(ExtensibilityGlobals) = postSolution
		SolutionGuid = {758E7BB7-29E1-4FFB-BB82-C4FBE05387EA}
	EndGlobalSection
EndGlobal
